
Microsoft Visual Studio Solution File, Format Version 12.00
# Visual Studio Version 17
VisualStudioVersion = 17.5.002.0
MinimumVisualStudioVersion = 10.0.40219.1
Project("{9A19103F-16F7-4668-BE54-9A1E7A4F7556}") = "ExampleRunspace", "ExampleRunspace\ExampleRunspace.csproj", "{143E3F11-279D-4F99-95BA-E5C9DBFD796C}"
EndProject
Global
	GlobalSection(SolutionConfigurationPlatforms) = preSolution
		Debug|Any CPU = Debug|Any CPU
		Release|Any CPU = Release|Any CPU
	EndGlobalSection
	GlobalSection(ProjectConfigurationPlatforms) = postSolution
		{143E3F11-279D-4F99-95BA-E5C9DBFD796C}.Debug|Any CPU.ActiveCfg = Debug|Any CPU
		{143E3F11-279D-4F99-95BA-E5C9DBFD796C}.Debug|Any CPU.Build.0 = Debug|Any CPU
		{143E3F11-279D-4F99-95BA-E5C9DBFD796C}.Release|Any CPU.ActiveCfg = Release|Any CPU
		{143E3F11-279D-4F99-95BA-E5C9DBFD796C}.Release|Any CPU.Build.0 = Release|Any CPU
	EndGlobalSection
	GlobalSection(SolutionProperties) = preSolution
		HideSolutionNode = FALSE
	EndGlobalSection
	GlobalSection(ExtensibilityGlobals) = postSolution
		SolutionGuid = {EDCCE737-3429-4024-9394-A115F8F21225}
	EndGlobalSection
EndGlobal
